# THIS IS AN AUTOGENERATED FILE. DO NOT EDIT THIS FILE DIRECTLY.
# yarn lockfile v1


"@esbuild/aix-ppc64@0.28.2":
  version "0.28.2"
  resolved "https://registry.yarnpkg.com/@esbuild/aix-ppc64/-/aix-ppc64-0.28.2.tgz#bf6e10303bcf2e7c686975fa52f937ec2728d8bc"
  integrity sha512-XExcO+dvLKvVtNTibSTBej1NCAbaGhWn9Ww1ZPx80qsahhPFe/8jgWP0IchNe0F3HwkU7n8ejhH8bjonqht8mQ==

"@esbuild/android-arm64@0.28.2":
  version "0.28.2"
  resolved "https://registry.yarnpkg.com/@esbuild/android-arm64/-/android-arm64-0.28.2.tgz#0c6246bc8d2c4d172aac2db3fb1190d72bd65504"
  integrity sha512-5YfKeeI8qWfBZIX+u2xZC3Zlb3Os/gLS2sbEKM+I4ZOcsWmHS2WLysCcQZDAFRslDUU5Oiq44gf6PYN1vGwG5A==

"@esbuild/android-arm@0.28.2":
  version "0.28.2"
  resolved "https://registry.yarnpkg.com/@esbuild/android-arm/-/android-arm-0.28.2.tgz#2d84ece6a4e2684d92be26ee13d42757d831c381"
  integrity sha512-kXXoiPVVGQcnIYGOeaovwOURpniDBpSq4A03qkQ+BMQqtGG6HYap3xne9C1O1yo4TR3qxlCX5IqqmX6fFo2Lqg==

"@esbuild/android-x64@0.28.2":
  version "0.28.2"
  resolved "https://registry.yarnpkg.com/@esbuild/android-x64/-/android-x64-0.28.2.tgz#fc38d4d6358d8dc1cf53f09f7589fe436eb64801"
  integrity sha512-O387ite7SzUyCcy3JQX4P4bLtEA7bLLkx+esve5JHnyYfNTxcVpXZo9jhdB0lTKN44gztELTdU7nS8Nr16Fs1Q==

"@esbuild/darwin-arm64@0.28.2":
  version "0.28.2"
  resolved "https://registry.yarnpkg.com/@esbuild/darwin-arm64/-/darwin-arm64-0.28.2.tgz#f83afeeac1d7dac01c7a2fd012b3e451a0591fcc"
  integrity sha512-n4KqkOQrraxHJcgjM1RvwbigfQKIKJVpM7xp+KsxiyUSrRdIXnt73VhrPAx0fV44hgfmIVKjxMN9J1t5jySVkw==

"@esbuild/darwin-x64@0.28.2":
  version "0.28.2"
  resolved "https://registry.yarnpkg.com/@esbuild/darwin-x64/-/darwin-x64-0.28.2.tgz#510147c055a795588dbbe14fd6b1b8ad0a2f30de"
  integrity sha512-uq6suIWYP37qzGddBKPw5QEQPi6HiLGsO7UmkpfyaYNQ3D+rN6w6WfwH+nuqcGXWvawGwxOEroO4YGnFh95azw==

"@esbuild/freebsd-arm64@0.28.2":
  version "0.28.2"
  resolved "https://registry.yarnpkg.com/@esbuild/freebsd-arm64/-/freebsd-arm64-0.28.2.tgz#093b9200ecf0b115ba4e5e248a7485c9c5f8bd5e"
  integrity sha512-n+I0BTSRIoy+d6RPKnEVwql5UwBJolytvY4mAOIEJorKlqgPII8ix6slVVrfZ5Tnj7glIZvloylbB/EJPMWEXw==

"@esbuild/freebsd-x64@0.28.2":
  version "0.28.2"
  resolved "https://registry.yarnpkg.com/@esbuild/freebsd-x64/-/freebsd-x64-0.28.2.tgz#0be22b6df925d213e841ea87123af5df80b0faf7"
  integrity sha512-78XJTJkvPs0kz2w61301PJjXl4g7q3JqiYMZ/M/yVI73EHBrCRTgkhu9oqG7vPqq+a/yadEW8aD+agKlk5xrmg==

"@esbuild/linux-arm64@0.28.2":
  version "0.28.2"
  resolved "https://registry.yarnpkg.com/@esbuild/linux-arm64/-/linux-arm64-0.28.2.tgz#1bdbc651cda9ba9995c53ed9c71ceaa65094762d"
  integrity sha512-pW4AC0P3it8c7do9MVM4p51FzHzdM/TZrerurgRcHJ2WTa1VQ1CIq18xncfpBJw4ojkiZZrKW2yIBWBP92j6Ug==

"@esbuild/linux-arm@0.28.2":
  version "0.28.2"
  resolved "https://registry.yarnpkg.com/@esbuild/linux-arm/-/linux-arm-0.28.2.tgz#beb12ad72b84f72d28488cc1b8ee9f7eb141d753"
  integrity sha512-XlDnu2q5yoqems+xay6wSAcg9DDD7K9RLKZEBOMZm3ckNpJBvOX20tSfby8KfrrhINDyv9V2YVZKY/SpoGJI8w==

"@esbuild/linux-ia32@0.28.2":
  version "0.28.2"
  resolved "https://registry.yarnpkg.com/@esbuild/linux-ia32/-/linux-ia32-0.28.2.tgz#b81f9d55529b45c206a46a138214b1aa6879696b"
  integrity sha512-CYbnj78HsIeA+DhgUKgFCfvNsTHFhMMrinUrMZpDXJXKN8T3XViTZ/+wtHeVxEWY8ewSzTFN+nRmSwO2tZaLUQ==

"@esbuild/linux-loong64@0.28.2":
  version "0.28.2"
  resolved "https://registry.yarnpkg.com/@esbuild/linux-loong64/-/linux-loong64-0.28.2.tgz#598667241a04c99b76ed6ef940ac50038c419f98"
  integrity sha512-buwkd8nsph4R+ajRvw0qM5Hja/TXQow3ptzWO2EbG/cqcIkHloRrdlBtQlshyYGTNFvfkfJ5tpPLVkY4DtsPfQ==

"@esbuild/linux-mips64el@0.28.2":
  version "0.28.2"
  resolved "https://registry.yarnpkg.com/@esbuild/linux-mips64el/-/linux-mips64el-0.28.2.tgz#1c51eb9cea903f53d97b5af3b1841db70f5596ca"
  integrity sha512-ZVykbDyk7519VwiNb9Lcj9m8XM6v5V9uKPvrEMkkEedVewf+0itkhahp4HDpgERXhwLRpWFypsGbG/J8s0QjJA==

"@esbuild/linux-ppc64@0.28.2":
  version "0.28.2"
  resolved "https://registry.yarnpkg.com/@esbuild/linux-ppc64/-/linux-ppc64-0.28.2.tgz#63dd61f17ceb31a81227f413feac8a71bc2c51f2"
  integrity sha512-CAXl+Dtd9UUuJd8pKKdwh6MLm3MUMiqMPmhZ3tTSXPqfyQ3vDl6R5hZdZ/kYojK4ofXtdfSv1tFq8XzWx3heNQ==

"@esbuild/linux-riscv64@0.28.2":
  version "0.28.2"
  resolved "https://registry.yarnpkg.com/@esbuild/linux-riscv64/-/linux-riscv64-0.28.2.tgz#3763b08fde5cf25ab1facb8e7752edfe45fbfc27"
  integrity sha512-GeXCej4IQtU1B+QlDV8W/RRvbzI3O/Stss+/bCXv4lZls5WGRtu2a+3JkA3i4qIUlMXpcHebWpF8AkJhATowuA==

"@esbuild/linux-s390x@0.28.2":
  version "0.28.2"
  resolved "https://registry.yarnpkg.com/@esbuild/linux-s390x/-/linux-s390x-0.28.2.tgz#1a137ff293a82906eb3176385bd7e8e0e5cfb7cb"
  integrity sha512-3H1weTYZPxt/WOhByszQZybS9w5lKzUn1FDMsgEChbHWQwHYQQRfBxgCcZvPhjHfKyJjIievvMmEUawJrdY9Dg==

"@esbuild/linux-x64@0.28.2":
  version "0.28.2"
  resolved "https://registry.yarnpkg.com/@esbuild/linux-x64/-/linux-x64-0.28.2.tgz#268b36211c146ca54f8fe12c578a8d6ef8979485"
  integrity sha512-4xTZr1FUmSoQW4XIWmit3tzQrUTZM+N3P0XV8xROKYF50XfI7xeO90+1bZvNwxIufQ9hDQVRJH5YhgPVF8A/HQ==

"@esbuild/netbsd-arm64@0.28.2":
  version "0.28.2"
  resolved "https://registry.yarnpkg.com/@esbuild/netbsd-arm64/-/netbsd-arm64-0.28.2.tgz#22571ad951d62bb6accc82d8d1fad5c8c1ac0ba1"
  integrity sha512-sSATRjPeDBg3pdgHoQfoYBob11Kk1FGa9lui5RIHZCoCkJa9QKlvl3/vKz2usCmYYjs7ymJR/2Nnsqe+Hjt5nw==

"@esbuild/netbsd-x64@0.28.2":
  version "0.28.2"
  resolved "https://registry.yarnpkg.com/@esbuild/netbsd-x64/-/netbsd-x64-0.28.2.tgz#42fcc57297eb0a0ca3f5fc475291f4c1a3f7c0de"
  integrity sha512-lqnzCV+mM0gIADaKihiCg6ifgfU2L3h5E33rNQBN1Y4MaVGnzryzmvvf7UHxprpQdE8hpqLolJ9Rl+SkIRDpyw==

"@esbuild/openbsd-arm64@0.28.2":
  version "0.28.2"
  resolved "https://registry.yarnpkg.com/@esbuild/openbsd-arm64/-/openbsd-arm64-0.28.2.tgz#9eb32af104ac3dacf4edca01f596664aab0c73ef"
  integrity sha512-AL2qJILH7lNjrDmCQDvdxMfAUIv8KMNZOvrwAQ8i8//ntL9FflhOyMJ8OZSMBb8/AWXe3/5v5S20y3zCoZWKoQ==

"@esbuild/openbsd-x64@0.28.2":
  version "0.28.2"
  resolved "https://registry.yarnpkg.com/@esbuild/openbsd-x64/-/openbsd-x64-0.28.2.tgz#febed2402d6088225e91f20fb4ce2522ad0a4efd"
  integrity sha512-QtiuPytchRyC4rwUKhexJdQKvDuZ6hWloi3igqPQNUJCS1/v9EiO3UTOXR6A3FoMo4fnAKbWJdqaIwhOzh8qEw==

"@esbuild/openharmony-arm64@0.28.2":
  version "0.28.2"
  resolved "https://registry.yarnpkg.com/@esbuild/openharmony-arm64/-/openharmony-arm64-0.28.2.tgz#85641c3d466428bfbccea5f21c26836663fef5ce"
  integrity sha512-WkhYDmpTjLvGlScA1rwjRUmhl4k8oXR3cIbtqWmELgU/dFeHHlEllxDvdWcNJV9rbzCexB5vz8gtNewWLgCT7Q==

"@esbuild/sunos-x64@0.28.2":
  version "0.28.2"
  resolved "https://registry.yarnpkg.com/@esbuild/sunos-x64/-/sunos-x64-0.28.2.tgz#a736f9d8962481045fc4c3e54f5479f22c870fb4"
  integrity sha512-GPMSkTOtMnv2U2F8gxe4Io6qmVs+YKyp832Etqqxr0hFngmXQ3rzwytelm3GIn7T4VviRUlf3sOgBOiTdvaf7g==

"@esbuild/win32-arm64@0.28.2":
  version "0.28.2"
  resolved "https://registry.yarnpkg.com/@esbuild/win32-arm64/-/win32-arm64-0.28.2.tgz#ee5ab40fad186201b652a33f8a5eb149e9e42532"
  integrity sha512-PIhhEkE9uPBleRBrQEJpUn7MBnibZzbGzYWPmY3x+YoVg/95zbjB4CxPPOQ8l5tYYM4mMaCthF8/1DIfBQQyWQ==

"@esbuild/win32-ia32@0.28.2":
  version "0.28.2"
  resolved "https://registry.yarnpkg.com/@esbuild/win32-ia32/-/win32-ia32-0.28.2.tgz#c40d28a6d99a127da6711f2afd74b11cb63b06a7"
  integrity sha512-YmJbfTlvU7Sdn9BB+4PRES4oB6pxgS37MAONj+hBr/cpXS1aBPKXxNnDbu+QCWPj0o9dgyxeq79g6c5P8KeuYA==

"@esbuild/win32-x64@0.28.2":
  version "0.28.2"
  resolved "https://registry.yarnpkg.com/@esbuild/win32-x64/-/win32-x64-0.28.2.tgz#b21affb804cc167c133d95f45b3a1dc1323b9a87"
  integrity sha512-5ebpxr3nWMzrL/rnUI755Jkuee0bHL/Gq0WTF9lvcpv73wAp5eu8MfBUgWK9bhWvZjj7yX8etf/8tI8Ney695g==

"@inquirer/checkbox@^4.1.4":
  version "4.1.4"
  resolved "https://registry.yarnpkg.com/@inquirer/checkbox/-/checkbox-4.1.4.tgz#30c243015670126ac95d9b94cb37f631d5ad3f88"
  integrity sha512-d30576EZdApjAMceijXA5jDzRQHT/MygbC+J8I7EqA6f/FRpYxlRtRJbHF8gHeWYeSdOuTEJqonn7QLB1ELezA==
  dependencies:
    "@inquirer/core" "^10.1.9"
    "@inquirer/figures" "^1.0.11"
    "@inquirer/type" "^3.0.5"
    ansi-escapes "^4.3.2"
    yoctocolors-cjs "^2.1.2"

"@inquirer/confirm@^5.1.8":
  version "5.1.8"
  resolved "https://registry.yarnpkg.com/@inquirer/confirm/-/confirm-5.1.8.tgz#476af2476cd4867905dcabfca8598da4dd65e923"
  integrity sha512-dNLWCYZvXDjO3rnQfk2iuJNL4Ivwz/T2+C3+WnNfJKsNGSuOs3wAo2F6e0p946gtSAk31nZMfW+MRmYaplPKsg==
  dependencies:
    "@inquirer/core" "^10.1.9"
    "@inquirer/type" "^3.0.5"

"@inquirer/core@^10.1.9":
  version "10.1.9"
  resolved "https://registry.yarnpkg.com/@inquirer/core/-/core-10.1.9.tgz#9ab672a2d9ca60c5d45c7fa9b63e4fe9e038a02e"
  integrity sha512-sXhVB8n20NYkUBfDYgizGHlpRVaCRjtuzNZA6xpALIUbkgfd2Hjz+DfEN6+h1BRnuxw0/P4jCIMjMsEOAMwAJw==
  dependencies:
    "@inquirer/figures" "^1.0.11"
    "@inquirer/type" "^3.0.5"
    ansi-escapes "^4.3.2"
    cli-width "^4.1.0"
    mute-stream "^2.0.0"
    signal-exit "^4.1.0"
    wrap-ansi "^6.2.0"
    yoctocolors-cjs "^2.1.2"

"@inquirer/editor@^4.2.9":
  version "4.2.9"
  resolved "https://registry.yarnpkg.com/@inquirer/editor/-/editor-4.2.9.tgz#4ff0c69b3940428d4549b719803655d7ae2cf2d6"
  integrity sha512-8HjOppAxO7O4wV1ETUlJFg6NDjp/W2NP5FB9ZPAcinAlNT4ZIWOLe2pUVwmmPRSV0NMdI5r/+lflN55AwZOKSw==
  dependencies:
    "@inquirer/core" "^10.1.9"
    "@inquirer/type" "^3.0.5"
    external-editor "^3.1.0"

"@inquirer/expand@^4.0.11":
  version "4.0.11"
  resolved "https://registry.yarnpkg.com/@inquirer/expand/-/expand-4.0.11.tgz#d898b2d028def42064eee15f34e2c0bdc4a1ad2c"
  integrity sha512-OZSUW4hFMW2TYvX/Sv+NnOZgO8CHT2TU1roUCUIF2T+wfw60XFRRp9MRUPCT06cRnKL+aemt2YmTWwt7rOrNEA==
  dependencies:
    "@inquirer/core" "^10.1.9"
    "@inquirer/type" "^3.0.5"
    yoctocolors-cjs "^2.1.2"

"@inquirer/figures@^1.0.11":
  version "1.0.11"
  resolved "https://registry.yarnpkg.com/@inquirer/figures/-/figures-1.0.11.tgz#4744e6db95288fea1dead779554859710a959a21"
  integrity sha512-eOg92lvrn/aRUqbxRyvpEWnrvRuTYRifixHkYVpJiygTgVSBIHDqLh0SrMQXkafvULg3ck11V7xvR+zcgvpHFw==

"@inquirer/input@^4.1.8":
  version "4.1.8"
  resolved "https://registry.yarnpkg.com/@inquirer/input/-/input-4.1.8.tgz#8e637f1163904d951762abab4584682daf484a91"
  integrity sha512-WXJI16oOZ3/LiENCAxe8joniNp8MQxF6Wi5V+EBbVA0ZIOpFcL4I9e7f7cXse0HJeIPCWO8Lcgnk98juItCi7Q==
  dependencies:
    "@inquirer/core" "^10.1.9"
    "@inquirer/type" "^3.0.5"

"@inquirer/number@^3.0.11":
  version "3.0.11"
  resolved "https://registry.yarnpkg.com/@inquirer/number/-/number-3.0.11.tgz#b42b7b24e9e1916d26bbdc7c368852fdb626fa9a"
  integrity sha512-pQK68CsKOgwvU2eA53AG/4npRTH2pvs/pZ2bFvzpBhrznh8Mcwt19c+nMO7LHRr3Vreu1KPhNBF3vQAKrjIulw==
  dependencies:
    "@inquirer/core" "^10.1.9"
    "@inquirer/type" "^3.0.5"

"@inquirer/password@^4.0.11":
  version "4.0.11"
  resolved "https://registry.yarnpkg.com/@inquirer/password/-/password-4.0.11.tgz#f23a632fb9a18c7a7ce1f2ac36d94e8aa0b7229e"
  integrity sha512-dH6zLdv+HEv1nBs96Case6eppkRggMe8LoOTl30+Gq5Wf27AO/vHFgStTVz4aoevLdNXqwE23++IXGw4eiOXTg==
  dependencies:
    "@inquirer/core" "^10.1.9"
    "@inquirer/type" "^3.0.5"
    ansi-escapes "^4.3.2"

"@inquirer/prompts@^7.4.0":
  version "7.4.0"
  resolved "https://registry.yarnpkg.com/@inquirer/prompts/-/prompts-7.4.0.tgz#bd9be38372be8db75afb04776eb0cf096ae9814b"
  integrity sha512-EZiJidQOT4O5PYtqnu1JbF0clv36oW2CviR66c7ma4LsupmmQlUwmdReGKRp456OWPWMz3PdrPiYg3aCk3op2w==
  dependencies:
    "@inquirer/checkbox" "^4.1.4"
    "@inquirer/confirm" "^5.1.8"
    "@inquirer/editor" "^4.2.9"
    "@inquirer/expand" "^4.0.11"
    "@inquirer/input" "^4.1.8"
    "@inquirer/number" "^3.0.11"
    "@inquirer/password" "^4.0.11"
    "@inquirer/rawlist" "^4.0.11"
    "@inquirer/search" "^3.0.11"
    "@inquirer/select" "^4.1.0"

"@inquirer/rawlist@^4.0.11":
  version "4.0.11"
  resolved "https://registry.yarnpkg.com/@inquirer/rawlist/-/rawlist-4.0.11.tgz#29d74eea2607cbb3d80eac7fca0011d51c74c46d"
  integrity sha512-uAYtTx0IF/PqUAvsRrF3xvnxJV516wmR6YVONOmCWJbbt87HcDHLfL9wmBQFbNJRv5kCjdYKrZcavDkH3sVJPg==
  dependencies:
    "@inquirer/core" "^10.1.9"
    "@inquirer/type" "^3.0.5"
    yoctocolors-cjs "^2.1.2"

"@inquirer/search@^3.0.11":
  version "3.0.11"
  resolved "https://registry.yarnpkg.com/@inquirer/search/-/search-3.0.11.tgz#660b181516acc306cf21dbc1d3d49f662cb7d917"
  integrity sha512-9CWQT0ikYcg6Ls3TOa7jljsD7PgjcsYEM0bYE+Gkz+uoW9u8eaJCRHJKkucpRE5+xKtaaDbrND+nPDoxzjYyew==
  dependencies:
    "@inquirer/core" "^10.1.9"
    "@inquirer/figures" "^1.0.11"
    "@inquirer/type" "^3.0.5"
    yoctocolors-cjs "^2.1.2"

"@inquirer/select@^4.1.0":
  version "4.1.0"
  resolved "https://registry.yarnpkg.com/@inquirer/select/-/select-4.1.0.tgz#e99f483cb004c0247ced597f2c6015f084223dfb"
  integrity sha512-z0a2fmgTSRN+YBuiK1ROfJ2Nvrpij5lVN3gPDkQGhavdvIVGHGW29LwYZfM/j42Ai2hUghTI/uoBuTbrJk42bA==
  dependencies:
    "@inquirer/core" "^10.1.9"
    "@inquirer/figures" "^1.0.11"
    "@inquirer/type" "^3.0.5"
    ansi-escapes "^4.3.2"
    yoctocolors-cjs "^2.1.2"

"@inquirer/type@^3.0.5":
  version "3.0.5"
  resolved "https://registry.yarnpkg.com/@inquirer/type/-/type-3.0.5.tgz#fe00207e57d5f040e5b18e809c8e7abc3a2ade3a"
  integrity sha512-ZJpeIYYueOz/i/ONzrfof8g89kNdO2hjGuvULROo3O8rlB2CRtSseE5KeirnyE4t/thAn/EwvS/vuQeJCn+NZg==

ansi-escapes@^4.3.2:
  version "4.3.2"
  resolved "https://registry.yarnpkg.com/ansi-escapes/-/ansi-escapes-4.3.2.tgz#6b2291d1db7d98b6521d5f1efa42d0f3a9feb65e"
  integrity sha512-gKXj5ALrKWQLsYG9jlTRmR/xKluxHV+Z9QEwNIgCfM1/uwPMCuzVVnh5mwTd+OuBZcwSIMbqssNWRm1lE51QaQ==
  dependencies:
    type-fest "^0.21.3"

ansi-regex@^5.0.1:
  version "5.0.1"
  resolved "https://registry.yarnpkg.com/ansi-regex/-/ansi-regex-5.0.1.tgz#082cb2c89c9fe8659a311a53bd6a4dc5301db304"
  integrity sha512-quJQXlTSUGL2LH9SUXo8VwsY4soanhgo6LNSm84E1LBcE8s3O0wpdiRzyR9z/ZZJMlMWv37qOOb9pdJlMUEKFQ==

ansi-styles@^3.2.1:
  version "3.2.1"
  resolved "https://registry.yarnpkg.com/ansi-styles/-/ansi-styles-3.2.1.tgz#41fbb20243e50b12be0f04b8dedbf07520ce841d"
  integrity sha512-VT0ZI6kZRdTh8YyJw3SMbYm/u+NqfsAxEpWO0Pf9sq8/e94WxxOpPKx9FR1FlyCtOVDNOQ+8ntlqFxiRc+r5qA==
  dependencies:
    color-convert "^1.9.0"

ansi-styles@^4.0.0:
  version "4.3.0"
  resolved "https://registry.yarnpkg.com/ansi-styles/-/ansi-styles-4.3.0.tgz#edd803628ae71c04c85ae7a0906edad34b648937"
  integrity sha512-zbB9rCJAT1rbjiVDb2hqKFHNYLxgtk8NURxZ3IZwD3F6NtxbXZQCnnSi1Lkx+IDohdPlFp222wVALIheZJQSEg==
  dependencies:
    color-convert "^2.0.1"

chalk@^2.4.1:
  version "2.4.2"
  resolved "https://registry.yarnpkg.com/chalk/-/chalk-2.4.2.tgz#cd42541677a54333cf541a49108c1432b44c9424"
  integrity sha512-Mti+f9lpJNcwF4tWV8/OrTTtF1gZi+f8FqlyAdouralcFWFQWF2+NgCHShjkCb+IFBLq9buZwE1xckQU4peSuQ==
  dependencies:
    ansi-styles "^3.2.1"
    escape-string-regexp "^1.0.5"
    supports-color "^5.3.0"

chalk@^5.4.1:
  version "5.4.1"
  resolved "https://registry.yarnpkg.com/chalk/-/chalk-5.4.1.tgz#1b48bf0963ec158dce2aacf69c093ae2dd2092d8"
  integrity sha512-zgVZuo2WcZgfUEmsn6eO3kINexW8RAE4maiQ8QNs8CtpPCSyMiYsULR3HQYkm3w8FIA3SberyMJMSldGsW+U3w==

chardet@^0.7.0:
  version "0.7.0"
  resolved "https://registry.yarnpkg.com/chardet/-/chardet-0.7.0.tgz#90094849f0937f2eedc2425d0d28a9e5f0cbad9e"
  integrity sha512-mT8iDcrh03qDGRRmoA2hmBJnxpllMR+0/0qlzjqZES6NdiWDcZkCNAk4rPFZ9Q85r27unkiNNg8ZOiwZXBHwcA==

cli-diff@^1.0.0:
  version "1.0.0"
  resolved "https://registry.yarnpkg.com/cli-diff/-/cli-diff-1.0.0.tgz#c56f1fa17849a629bf07154a2bd199aefe742964"
  integrity sha512-XOVrll4VMhxBv26WqV6OH9cWqRxBXthh3uZ3dtg+CLqB8m0R6QJiSoDIXQNXDAeo/FAkQ+kF9Ph8NhQskU3LpQ==
  dependencies:
    chalk "^2.4.1"
    diff "^3.5.0"

cli-width@^4.1.0:
  version "4.1.0"
  resolved "https://registry.yarnpkg.com/cli-width/-/cli-width-4.1.0.tgz#42daac41d3c254ef38ad8ac037672130173691c5"
  integrity sha512-ouuZd4/dm2Sw5Gmqy6bGyNNNe1qt9RpmxveLSO7KcgsTnU7RXfsw+/bukWGo1abgBiMAic068rclZsO4IWmmxQ==

color-convert@^1.9.0:
  version "1.9.3"
  resolved "https://registry.yarnpkg.com/color-convert/-/color-convert-1.9.3.tgz#bb71850690e1f136567de629d2d5471deda4c1e8"
  integrity sha512-QfAUtd+vFdAtFQcC8CCyYt1fYWxSqAiK2cSD6zDB8N3cpsEBAvRxp9zOGg6G/SHHJYAT88/az/IuDGALsNVbGg==
  dependencies:
    color-name "1.1.3"

color-convert@^2.0.1:
  version "2.0.1"
  resolved "https://registry.yarnpkg.com/color-convert/-/color-convert-2.0.1.tgz#72d3a68d598c9bdb3af2ad1e84f21d896abd4de3"
  integrity sha512-RRECPsj7iu/xb5oKYcsFHSppFNnsj/52OVTRKb4zP5onXwVF3zVmmToNcOfGC+CRDpfK/U584fMg38ZHCaElKQ==
  dependencies:
    color-name "~1.1.4"

color-name@1.1.3:
  version "1.1.3"
  resolved "https://registry.yarnpkg.com/color-name/-/color-name-1.1.3.tgz#a7d0558bd89c42f795dd42328f740831ca53bc25"
  integrity sha512-72fSenhMw2HZMTVHeCA9KCmpEIbzWiQsjN+BHcBbS9vr1mtt+vJjPdksIBNUmKAW8TFUDPJK5SUU3QhE9NEXDw==

color-name@~1.1.4:
  version "1.1.4"
  resolved "https://registry.yarnpkg.com/color-name/-/color-name-1.1.4.tgz#c2a09a87acbde69543de6f63fa3995c826c536a2"
  integrity sha512-dOy+3AuW3a2wNbZHIuMZpTcgjGuLU/uBL/ubcZF9OXbDo8ff4O8yVp5Bf0efS8uEoYo5q4Fx7dY9OgQGXgAsQA==

diff@^3.5.0:
  version "3.5.0"
  resolved "https://registry.yarnpkg.com/diff/-/diff-3.5.0.tgz#800c0dd1e0a8bfbc95835c202ad220fe317e5a12"
  integrity sha512-A46qtFgd+g7pDZinpnwiRJtxbC1hpgf0uzP3iG89scHk0AUC7A1TGxf5OiiOUv/JMZR8GOt8hL900hV0bOy5xA==

emoji-regex@^8.0.0:
  version "8.0.0"
  resolved "https://registry.yarnpkg.com/emoji-regex/-/emoji-regex-8.0.0.tgz#e818fd69ce5ccfcb404594f842963bf53164cc37"
  integrity sha512-MSjYzcWNOA0ewAHpz0MxpYFvwg6yjy1NG3xteoqz644VCo/RPgnr1/GGt+ic3iJTzQ8Eu3TdM14SawnVUmGE6A==

esbuild@^0.28.2:
  version "0.28.2"
  resolved "https://registry.yarnpkg.com/esbuild/-/esbuild-0.28.2.tgz#0f43bd1bad955b72d24e2261e3abe5957ccf0816"
  integrity sha512-HKVLS8dvII+xoKW9kmqxbRKrnWEXfJJr/FZhhJmiqIB0e053QNYFqOBouTMO/k5sID4MvCiUCvv8b9M4h32wIA==
  optionalDependencies:
    "@esbuild/aix-ppc64" "0.28.2"
    "@esbuild/android-arm" "0.28.2"
    "@esbuild/android-arm64" "0.28.2"
    "@esbuild/android-x64" "0.28.2"
    "@esbuild/darwin-arm64" "0.28.2"
    "@esbuild/darwin-x64" "0.28.2"
    "@esbuild/freebsd-arm64" "0.28.2"
    "@esbuild/freebsd-x64" "0.28.2"
    "@esbuild/linux-arm" "0.28.2"
    "@esbuild/linux-arm64" "0.28.2"
    "@esbuild/linux-ia32" "0.28.2"
    "@esbuild/linux-loong64" "0.28.2"
    "@esbuild/linux-mips64el" "0.28.2"
    "@esbuild/linux-ppc64" "0.28.2"
    "@esbuild/linux-riscv64" "0.28.2"
    "@esbuild/linux-s390x" "0.28.2"
    "@esbuild/linux-x64" "0.28.2"
    "@esbuild/netbsd-arm64" "0.28.2"
    "@esbuild/netbsd-x64" "0.28.2"
    "@esbuild/openbsd-arm64" "0.28.2"
    "@esbuild/openbsd-x64" "0.28.2"
    "@esbuild/openharmony-arm64" "0.28.2"
    "@esbuild/sunos-x64" "0.28.2"
    "@esbuild/win32-arm64" "0.28.2"
    "@esbuild/win32-ia32" "0.28.2"
    "@esbuild/win32-x64" "0.28.2"

escape-string-regexp@^1.0.5:
  version "1.0.5"
  resolved "https://registry.yarnpkg.com/escape-string-regexp/-/escape-string-regexp-1.0.5.tgz#1b61c0562190a8dff6ae3bb2cf0200ca130b86d4"
  integrity sha512-vbRorB5FUQWvla16U8R/qgaFIya2qGzwDrNmCZuYKrbdSUMG6I1ZCGQRefkRVhuOkIGVne7BQ35DSfo1qvJqFg==

external-editor@^3.1.0:
  version "3.1.0"
  resolved "https://registry.yarnpkg.com/external-editor/-/external-editor-3.1.0.tgz#cb03f740befae03ea4d283caed2741a83f335495"
  integrity sha512-hMQ4CX1p1izmuLYyZqLMO/qGNw10wSv9QDCPfzXfyFrOaCSSoRfqE1Kf1s5an66J5JZC62NewG+mK49jOCtQew==
  dependencies:
    chardet "^0.7.0"
    iconv-lite "^0.4.24"
    tmp "^0.0.33"

has-flag@^3.0.0:
  version "3.0.0"
  resolved "https://registry.yarnpkg.com/has-flag/-/has-flag-3.0.0.tgz#b5d454dc2199ae225699f3467e5a07f3b955bafd"
  integrity sha512-sKJf1+ceQBr4SMkvQnBDNDtf4TXpVhVGateu0t918bl30FnbE2m4vNLX+VWe/dpjlb+HugGYzW7uQXH98HPEYw==

iconv-lite@^0.4.24:
  version "0.4.24"
  resolved "https://registry.yarnpkg.com/iconv-lite/-/iconv-lite-0.4.24.tgz#2022b4b25fbddc21d2f524974a474aafe733908b"
  integrity sha512-v3MXnZAcvnywkTUEZomIActle7RXXeedOR31wwl7VlyoXO4Qi9arvSenNQWne1TcRwhCL1HwLI21bEqdpj8/rA==
  dependencies:
    safer-buffer ">= 2.1.2 < 3"

is-fullwidth-code-point@^3.0.0:
  version "3.0.0"
  resolved "https://registry.yarnpkg.com/is-fullwidth-code-point/-/is-fullwidth-code-point-3.0.0.tgz#f116f8064fe90b3f7844a38997c0b75051269f1d"
  integrity sha512-zymm5+u+sCsSWyD9qNaejV3DFvhCKclKdizYaJUuHA83RLjb7nSuGnddCHGv0hk+KY7BMAlsWeK4Ueg6EV6XQg==

mute-stream@^2.0.0:
  version "2.0.0"
  resolved "https://registry.yarnpkg.com/mute-stream/-/mute-stream-2.0.0.tgz#a5446fc0c512b71c83c44d908d5c7b7b4c493b2b"
  integrity sha512-WWdIxpyjEn+FhQJQQv9aQAYlHoNVdzIzUySNV1gHUPDSdZJ3yZn7pAAbQcV7B56Mvu881q9FZV+0Vx2xC44VWA==

os-tmpdir@~1.0.2:
  version "1.0.2"
  resolved "https://registry.yarnpkg.com/os-tmpdir/-/os-tmpdir-1.0.2.tgz#bbe67406c79aa85c5cfec766fe5734555dfa1274"
  integrity sha512-D2FR03Vir7FIu45XBY20mTb+/ZSWB00sjU9jdQXt83gDrI4Ztz5Fs7/yy74g2N5SVQY4xY1qDr4rNddwYRVX0g==

"safer-buffer@>= 2.1.2 < 3":
  version "2.1.2"
  resolved "https://registry.yarnpkg.com/safer-buffer/-/safer-buffer-2.1.2.tgz#44fa161b0187b9549dd84bb91802f9bd8385cd6a"
  integrity sha512-YZo3K82SD7Riyi0E1EQPojLz7kpepnSQI9IyPbHHg1XXXevb5dJI7tpyN2ADxGcQbHG7vcyRHk0cbwqcQriUtg==

signal-exit@^4.1.0:
  version "4.1.0"
  resolved "https://registry.yarnpkg.com/signal-exit/-/signal-exit-4.1.0.tgz#952188c1cbd546070e2dd20d0f41c0ae0530cb04"
  integrity sha512-bzyZ1e88w9O1iNJbKnOlvYTrWPDl46O1bG0D3XInv+9tkPrxrN8jUUTiFlDkkmKWgn1M6CfIA13SuGqOa9Korw==

string-width@^4.1.0:
  version "4.2.3"
  resolved "https://registry.yarnpkg.com/string-width/-/string-width-4.2.3.tgz#269c7117d27b05ad2e536830a8ec895ef9c6d010"
  integrity sha512-wKyQRQpjJ0sIp62ErSZdGsjMJWsap5oRNihHhu6G7JVO/9jIB6UyevL+tXuOqrng8j/cxKTWyWUwvSTriiZz/g==
  dependencies:
    emoji-regex "^8.0.0"
    is-fullwidth-code-point "^3.0.0"
    strip-ansi "^6.0.1"

strip-ansi@^6.0.0, strip-ansi@^6.0.1:
  version "6.0.1"
  resolved "https://registry.yarnpkg.com/strip-ansi/-/strip-ansi-6.0.1.tgz#9e26c63d30f53443e9489495b2105d37b67a85d9"
  integrity sha512-Y38VPSHcqkFrCpFnQ9vuSXmquuv5oXOKpGeT6aGrr3o3Gc9AlVa6JBfUSOCnbxGGZF+/0ooI7KrPuUSztUdU5A==
  dependencies:
    ansi-regex "^5.0.1"

supports-color@^5.3.0:
  version "5.5.0"
  resolved "https://registry.yarnpkg.com/supports-color/-/supports-color-5.5.0.tgz#e2e69a44ac8772f78a1ec0b35b689df6530efc8f"
  integrity sha512-QjVjwdXIt408MIiAqCX4oUKsgU2EqAGzs2Ppkm4aQYbjm+ZEWEcW4SfFNTr4uMNZma0ey4f5lgLrkB0aX0QMow==
  dependencies:
    has-flag "^3.0.0"

tmp@^0.0.33:
  version "0.0.33"
  resolved "https://registry.yarnpkg.com/tmp/-/tmp-0.0.33.tgz#6d34335889768d21b2bcda0aa277ced3b1bfadf9"
  integrity sha512-jRCJlojKnZ3addtTOjdIqoRuPEKBvNXcGYqzO6zWZX8KfKEpnGY5jfggJQ3EjKuu8D4bJRr0y+cYJFmYbImXGw==
  dependencies:
    os-tmpdir "~1.0.2"

type-fest@^0.21.3:
  version "0.21.3"
  resolved "https://registry.yarnpkg.com/type-fest/-/type-fest-0.21.3.tgz#d260a24b0198436e133fa26a524a6d65fa3b2e37"
  integrity sha512-t0rzBq87m3fVcduHDUFhKmyyX+9eo6WQjZvf51Ea/M0Q7+T374Jp1aUiyUl0GKxp8M/OETVHSDvmkyPgvX+X2w==

wrap-ansi@^6.2.0:
  version "6.2.0"
  resolved "https://registry.yarnpkg.com/wrap-ansi/-/wrap-ansi-6.2.0.tgz#e9393ba07102e6c91a3b221478f0257cd2856e53"
  integrity sha512-r6lPcBGxZXlIcymEu7InxDMhdW0KDxpLgoFLcguasxCaJ/SOIZwINatK9KY/tf+ZrlywOKU0UDj3ATXUBfxJXA==
  dependencies:
    ansi-styles "^4.0.0"
    string-width "^4.1.0"
    strip-ansi "^6.0.0"

yoctocolors-cjs@^2.1.2:
  version "2.1.2"
  resolved "https://registry.yarnpkg.com/yoctocolors-cjs/-/yoctocolors-cjs-2.1.2.tgz#f4b905a840a37506813a7acaa28febe97767a242"
  integrity sha512-cYVsTjKl8b+FrnidjibDWskAv7UKOfcwaVZdp/it9n1s9fU3IkgDbhdIRKCW4JDsAlECJY0ytoVPT3sK6kideA==
